// !$*UTF8*$!
{
	archiveVersion = 1;
	classes = {
	};
	objectVersion = 46;
	objects = {

/* Begin PBXBuildFile section */
		421D28861F8EA84600FD3779 /* AppDelegate.swift in Sources */ = {isa = PBXBuildFile; fileRef = 421D28851F8EA84600FD3779 /* AppDelegate.swift */; };
		421D28881F8EA84600FD3779 /* ViewController.swift in Sources */ = {isa = PBXBuildFile; fileRef = 421D28871F8EA84600FD3779 /* ViewController.swift */; };
		421D288B1F8EA84600FD3779 /* Main.storyboard in Resources */ = {isa = PBXBuildFile; fileRef = 421D28891F8EA84600FD3779 /* Main.storyboard */; };
		421D288D1F8EA84600FD3779 /* Assets.xcassets in Resources */ = {isa = PBXBuildFile; fileRef = 421D288C1F8EA84600FD3779 /* Assets.xcassets */; };
		421D28901F8EA84600FD3779 /* LaunchScreen.storyboard in Resources */ = {isa = PBXBuildFile; fileRef = 421D288E1F8EA84600FD3779 /* LaunchScreen.storyboard */; };
/* End PBXBuildFile section */

/* Begin PBXFileReference section */
		421D28821F8EA84600FD3779 /* rox.app */ = {isa = PBXFileReference; explicitFileType = wrapper.application; includeInIndex = 0; path = rox.app; sourceTree = BUILT_PRODUCTS_DIR; };
		421D28851F8EA84600FD3779 /* AppDelegate.swift */ = {isa = PBXFileReference; lastKnownFileType = sourcecode.swift; path = AppDelegate.swift; sourceTree = "<group>"; };
		421D28871F8EA84600FD3779 /* ViewController.swift */ = {isa = PBXFileReference; lastKnownFileType = sourcecode.swift; path = ViewController.swift; sourceTree = "<group>"; };
		421D288A1F8EA84600FD3779 /* Base */ = {isa = PBXFileReference; lastKnownFileType = file.storyboard; name = Base; path = Base.lproj/Main.storyboard; sourceTree = "<group>"; };
		421D288C1F8EA84600FD3779 /* Assets.xcassets */ = {isa = PBXFileReference; lastKnownFileType = folder.assetcatalog; path = Assets.xcassets; sourceTree = "<group>"; };
		421D288F1F8EA84600FD3779 /* Base */ = {isa = PBXFileReference; lastKnownFileType = file.storyboard; name = Base; path = Base.lproj/LaunchScreen.storyboard; sourceTree = "<group>"; };
		421D28911F8EA84600FD3779 /* Info.plist */ = {isa = PBXFileReference; lastKnownFileType = text.plist.xml; path = Info.plist; sourceTree = "<group>"; };
/* End PBXFileReference section */

/* Begin PBXFrameworksBuildPhase section */
		421D287F1F8EA84600FD3779 /* Frameworks */ = {
			isa = PBXFrameworksBuildPhase;
			buildActionMask = 2147483647;
			files = (
			);
			runOnlyForDeploymentPostprocessing = 0;
		};
/* End PBXFrameworksBuildPhase section */

/* Begin PBXGroup section */
		421D28791F8EA84600FD3779 = {
			isa = PBXGroup;
			children = (
				421D28841F8EA84600FD3779 /* rox */,
				421D28831F8EA84600FD3779 /* Products */,
			);
			sourceTree = "<group>";
		};
		421D28831F8EA84600FD3779 /* Products */ = {
			isa = PBXGroup;
			children = (
				421D28821F8EA84600FD3779 /* rox.app */,
			);
			name = Products;
			sourceTree = "<group>";
		};
		421D28841F8EA84600FD3779 /* rox */ = {
			isa = PBXGroup;
			children = (
				421D28851F8EA84600FD3779 /* AppDelegate.swift */,
				421D28871F8EA84600FD3779 /* ViewController.swift */,
				421D28891F8EA84600FD3779 /* Main.storyboard */,
				421D288C1F8EA84600FD3779 /* Assets.xcassets */,
				421D288E1F8EA84600FD3779 /* LaunchScreen.storyboard */,
				421D28911F8EA84600FD3779 /* Info.plist */,
			);
			path = rox;
			sourceTree = "<group>";
		};
/* End PBXGroup section */

/* Begin PBXNativeTarget section */
		421D28811F8EA84600FD3779 /* rox */ = {
			isa = PBXNativeTarget;
			buildConfigurationList = 421D28941F8EA84600FD3779 /* Build configuration list for PBXNativeTarget "rox" */;
			buildPhases = (
				421D287E1F8EA84600FD3779 /* Sources */,
				421D287F1F8EA84600FD3779 /* Frameworks */,
				421D28801F8EA84600FD3779 /* Resources */,
			);
			buildRules = (
			);
			dependencies = (
			);
			name = rox;
			productName = rox;
			productReference = 421D28821F8EA84600FD3779 /* rox.app */;
			productType = "com.apple.product-type.application";
		};
/* End PBXNativeTarget section */

/* Begin PBXProject section */
		421D287A1F8EA84600FD3779 /* Project object */ = {
			isa = PBXProject;
			attributes = {
				LastSwiftUpdateCheck = 0830;
				LastUpgradeCheck = 0830;
				ORGANIZATIONNAME = intouch;
				TargetAttributes = {
					421D28811F8EA84600FD3779 = {
						CreatedOnToolsVersion = 8.3.2;
						DevelopmentTeam = SWPM6LK546;
						ProvisioningStyle = Automatic;
					};
				};
			};
			buildConfigurationList = 421D287D1F8EA84600FD3779 /* Build configuration list for PBXProject "rox" */;
			compatibilityVersion = "Xcode 3.2";
			developmentRegion = English;
			hasScannedForEncodings = 0;
			knownRegions = (
				en,
				Base,
			);
			mainGroup = 421D28791F8EA84600FD3779;
			productRefGroup = 421D28831F8EA84600FD3779 /* Products */;
			projectDirPath = "";
			projectRoot = "";
			targets = (
				421D28811F8EA84600FD3779 /* rox */,
			);
		};
/* End PBXProject section */

/* Begin PBXResourcesBuildPhase section */
		421D28801F8EA84600FD3779 /* Resources */ = {
			isa = PBXResourcesBuildPhase;
			buildActionMask = 2147483647;
			files = (
				421D28901F8EA84600FD3779 /* LaunchScreen.storyboard in Resources */,
				421D288D1F8EA84600FD3779 /* Assets.xcassets in Resources */,
				421D288B1F8EA84600FD3779 /* Main.storyboard in Resources */,
			);
			runOnlyForDeploymentPostprocessing = 0;
		};
/* End PBXResourcesBuildPhase section */

/* Begin PBXSourcesBuildPhase section */
		421D287E1F8EA84600FD3779 /* Sources */ = {
			isa = PBXSourcesBuildPhase;
			buildActionMask = 2147483647;
			files = (
				421D28881F8EA84600FD3779 /* ViewController.swift in Sources */,
				421D28861F8EA84600FD3779 /* AppDelegate.swift in Sources */,
			);
			runOnlyForDeploymentPostprocessing = 0;
		};
/* End PBXSourcesBuildPhase section */

/* Begin PBXVariantGroup section */
		421D28891F8EA84600FD3779 /* Main.storyboard */ = {
			isa = PBXVariantGroup;
			children = (
				421D288A1F8EA84600FD3779 /* Base */,
			);
			name = Main.storyboard;
			sourceTree = "<group>";
		};
		421D288E1F8EA84600FD3779 /* LaunchScreen.storyboard */ = {
			isa = PBXVariantGroup;
			children = (
				421D288F1F8EA84600FD3779 /* Base */,
			);
			name = LaunchScreen.storyboard;
			sourceTree = "<group>";
		};
/* End PBXVariantGroup section */

/* Begin XCBuildConfiguration section */
		421D28921F8EA84600FD3779 /* Debug */ = {
			isa = XCBuildConfiguration;
			buildSettings = {
				ALWAYS_SEARCH_USER_PATHS = NO;
				CLANG_ANALYZER_NONNULL = YES;
				CLANG_ANALYZER_NUMBER_OBJECT_CONVERSION = YES_AGGRESSIVE;
				CLANG_CXX_LANGUAGE_STANDARD = "gnu++0x";
				CLANG_CXX_LIBRARY = "libc++";
				CLANG_ENABLE_MODULES = YES;
				CLANG_ENABLE_OBJC_ARC = YES;
				CLANG_WARN_BOOL_CONVERSION = YES;
				CLANG_WARN_CONSTANT_CONVERSION = YES;
				CLANG_WARN_DIRECT_OBJC_ISA_USAGE = YES_ERROR;
				CLANG_WARN_DOCUMENTATION_COMMENTS = YES;
				CLANG_WARN_EMPTY_BODY = YES;
				CLANG_WARN_ENUM_CONVERSION = YES;
				CLANG_WARN_INFINITE_RECURSION = YES;
				CLANG_WARN_INT_CONVERSION = YES;
				CLANG_WARN_OBJC_ROOT_CLASS = YES_ERROR;
				CLANG_WARN_SUSPICIOUS_MOVE = YES;
				CLANG_WARN_UNREACHABLE_CODE = YES;
				CLANG_WARN__DUPLICATE_METHOD_MATCH = YES;
				"CODE_SIGN_IDENTITY[sdk=iphoneos*]" = "iPhone Developer";
				COPY_PHASE_STRIP = NO;
				DEBUG_INFORMATION_FORMAT = dwarf;
				ENABLE_STRICT_OBJC_MSGSEND = YES;
				ENABLE_TESTABILITY = YES;
				GCC_C_LANGUAGE_STANDARD = gnu99;
				GCC_DYNAMIC_NO_PIC = NO;
				GCC_NO_COMMON_BLOCKS = YES;
				GCC_OPTIMIZATION_LEVEL = 0;
				GCC_PREPROCESSOR_DEFINITIONS = (
					"DEBUG=1",
					"$(inherited)",
				);
				GCC_WARN_64_TO_32_BIT_CONVERSION = YES;
				GCC_WARN_ABOUT_RETURN_TYPE = YES_ERROR;
				GCC_WARN_UNDECLARED_SELECTOR = YES;
				GCC_WARN_UNINITIALIZED_AUTOS = YES_AGGRESSIVE;
				GCC_WARN_UNUSED_FUNCTION = YES;
				GCC_WARN_UNUSED_VARIABLE = YES;
				IPHONEOS_DEPLOYMENT_TARGET = 10.3;
				MTL_ENABLE_DEBUG_INFO = YES;
				ONLY_ACTIVE_ARCH = YES;
				SDKROOT = iphoneos;
				SWIFT_ACTIVE_COMPILATION_CONDITIONS = DEBUG;
				SWIFT_OPTIMIZATION_LEVEL = "-Onone";
			};
			name = Debug;
		};
		421D28931F8EA84600FD3779 /* Release */ = {
			isa = XCBuildConfiguration;
			buildSettings = {
				ALWAYS_SEARCH_USER_PATHS = NO;
				CLANG_ANALYZER_NONNULL = YES;
				CLANG_ANALYZER_NUMBER_OBJECT_CONVERSION = YES_AGGRESSIVE;
				CLANG_CXX_LANGUAGE_STANDARD = "gnu++0x";
				CLANG_CXX_LIBRARY = "libc++";
				CLANG_ENABLE_MODULES = YES;
				CLANG_ENABLE_OBJC_ARC = YES;
				CLANG_WARN_BOOL_CONVERSION = YES;
				CLANG_WARN_CONSTANT_CONVERSION = YES;
				CLANG_WARN_DIRECT_OBJC_ISA_USAGE = YES_ERROR;
				CLANG_WARN_DOCUMENTATION_COMMENTS = YES;
				CLANG_WARN_EMPTY_BODY = YES;
				CLANG_WARN_ENUM_CONVERSION = YES;
				CLANG_WARN_INFINITE_RECURSION = YES;
				CLANG_WARN_INT_CONVERSION = YES;
				CLANG_WARN_OBJC_ROOT_CLASS = YES_ERROR;
				CLANG_WARN_SUSPICIOUS_MOVE = YES;
				CLANG_WARN_UNREACHABLE_CODE = YES;
				CLANG_WARN__DUPLICATE_METHOD_MATCH = YES;
				"CODE_SIGN_IDENTITY[sdk=iphoneos*]" = "iPhone Developer";
				COPY_PHASE_STRIP = NO;
				DEBUG_INFORMATION_FORMAT = "dwarf-with-dsym";
				ENABLE_NS_ASSERTIONS = NO;
				ENABLE_STRICT_OBJC_MSGSEND = YES;
				GCC_C_LANGUAGE_STANDARD = gnu99;
				GCC_NO_COMMON_BLOCKS = YES;
				GCC_WARN_64_TO_32_BIT_CONVERSION = YES;
				GCC_WARN_ABOUT_RETURN_TYPE = YES_ERROR;
				GCC_WARN_UNDECLARED_SELECTOR = YES;
				GCC_WARN_UNINITIALIZED_AUTOS = YES_AGGRESSIVE;
				GCC_WARN_UNUSED_FUNCTION = YES;
				GCC_WARN_UNUSED_VARIABLE = YES;
				IPHONEOS_DEPLOYMENT_TARGET = 10.3;
				MTL_ENABLE_DEBUG_INFO = NO;
				SDKROOT = iphoneos;
				SWIFT_OPTIMIZATION_LEVEL = "-Owholemodule";
				VALIDATE_PRODUCT = YES;
			};
			name = Release;
		};
		421D28951F8EA84600FD3779 /* Debug */ = {
			isa = XCBuildConfiguration;
			buildSettings = {
				ASSETCATALOG_COMPILER_APPICON_NAME = AppIcon;
				DEVELOPMENT_TEAM = SWPM6LK546;
				INFOPLIST_FILE = rox/Info.plist;
				LD_RUNPATH_SEARCH_PATHS = "$(inherited) @executable_path/Frameworks";
				PRODUCT_BUNDLE_IDENTIFIER = com.intouch.rox;
				PRODUCT_NAME = "$(TARGET_NAME)";
				SWIFT_VERSION = 3.0;
			};
			name = Debug;
		};
		421D28961F8EA84600FD3779 /* Release */ = {
			isa = XCBuildConfiguration;
			buildSettings = {
				ASSETCATALOG_COMPILER_APPICON_NAME = AppIcon;
				DEVELOPMENT_TEAM = SWPM6LK546;
				INFOPLIST_FILE = rox/Info.plist;
				LD_RUNPATH_SEARCH_PATHS = "$(inherited) @executable_path/Frameworks";
				PRODUCT_BUNDLE_IDENTIFIER = com.intouch.rox;
				PRODUCT_NAME = "$(TARGET_NAME)";
				SWIFT_VERSION = 3.0;
			};
			name = Release;
		};
/* End XCBuildConfiguration section */

/* Begin XCConfigurationList section */
		421D287D1F8EA84600FD3779 /* Build configuration list for PBXProject "rox" */ = {
			isa = XCConfigurationList;
			buildConfigurations = (
				421D28921F8EA84600FD3779 /* Debug */,
				421D28931F8EA84600FD3779 /* Release */,
			);
			defaultConfigurationIsVisible = 0;
			defaultConfigurationName = Release;
		};
		421D28941F8EA84600FD3779 /* Build configuration list for PBXNativeTarget "rox" */ = {
			isa = XCConfigurationList;
			buildConfigurations = (
				421D28951F8EA84600FD3779 /* Debug */,
				421D28961F8EA84600FD3779 /* Release */,
			);
			defaultConfigurationIsVisible = 0;
		};
/* End XCConfigurationList section */
	};
	rootObject = 421D287A1F8EA84600FD3779 /* Project object */;
}
